// !$*UTF8*$!
{
	archiveVersion = 1;
	classes = {
	};
	objectVersion = 46;
	objects = {

/* Begin PBXBuildFile section */
		58F67BA41CD9863400D55BE0 /* main.m in Sources */ = {isa = PBXBuildFile; fileRef = 58F67BA31CD9863400D55BE0 /* main.m */; };
		58F67BA71CD9863400D55BE0 /* AppDelegate.m in Sources */ = {isa = PBXBuildFile; fileRef = 58F67BA61CD9863400D55BE0 /* AppDelegate.m */; };
		58F67BAF1CD9863400D55BE0 /* Assets.xcassets in Resources */ = {isa = PBXBuildFile; fileRef = 58F67BAE1CD9863400D55BE0 /* Assets.xcassets */; };
		58F67BBD1CD9863400D55BE0 /* xueyuanpaiTests.m in Sources */ = {isa = PBXBuildFile; fileRef = 58F67BBC1CD9863400D55BE0 /* xueyuanpaiTests.m */; };
		58F67BC81CD9863400D55BE0 /* xueyuanpaiUITests.m in Sources */ = {isa = PBXBuildFile; fileRef = 58F67BC71CD9863400D55BE0 /* xueyuanpaiUITests.m */; };
		58F67BF91CD990A200D55BE0 /* BaseTabBarViewController.m in Sources */ = {isa = PBXBuildFile; fileRef = 58F67BD61CD990A200D55BE0 /* BaseTabBarViewController.m */; };
		58F67BFA1CD990A200D55BE0 /* BaseViewController.m in Sources */ = {isa = PBXBuildFile; fileRef = 58F67BD81CD990A200D55BE0 /* BaseViewController.m */; };
		58F67BFB1CD990A200D55BE0 /* BusinessCenterViewController.m in Sources */ = {isa = PBXBuildFile; fileRef = 58F67BDC1CD990A200D55BE0 /* BusinessCenterViewController.m */; };
		58F67BFC1CD990A200D55BE0 /* ExpressCenterViewController.m in Sources */ = {isa = PBXBuildFile; fileRef = 58F67BE81CD990A200D55BE0 /* ExpressCenterViewController.m */; };
		58F67BFD1CD990A200D55BE0 /* IndexViewController.m in Sources */ = {isa = PBXBuildFile; fileRef = 58F67BEE1CD990A200D55BE0 /* IndexViewController.m */; };
		58F67BFE1CD990A200D55BE0 /* HttpClient.m in Sources */ = {isa = PBXBuildFile; fileRef = 58F67BF31CD990A200D55BE0 /* HttpClient.m */; };
		58F67BFF1CD990A200D55BE0 /* HttpModel.m in Sources */ = {isa = PBXBuildFile; fileRef = 58F67BF51CD990A200D55BE0 /* HttpModel.m */; };
		58F67C001CD990A200D55BE0 /* HttpServer.m in Sources */ = {isa = PBXBuildFile; fileRef = 58F67BF71CD990A200D55BE0 /* HttpServer.m */; };
/* End PBXBuildFile section */

/* Begin PBXContainerItemProxy section */
		58F67BB91CD9863400D55BE0 /* PBXContainerItemProxy */ = {
			isa = PBXContainerItemProxy;
			containerPortal = 58F67B971CD9863400D55BE0 /* Project object */;
			proxyType = 1;
			remoteGlobalIDString = 58F67B9E1CD9863400D55BE0;
			remoteInfo = xueyuanpai;
		};
		58F67BC41CD9863400D55BE0 /* PBXContainerItemProxy */ = {
			isa = PBXContainerItemProxy;
			containerPortal = 58F67B971CD9863400D55BE0 /* Project object */;
			proxyType = 1;
			remoteGlobalIDString = 58F67B9E1CD9863400D55BE0;
			remoteInfo = xueyuanpai;
		};
/* End PBXContainerItemProxy section */

/* Begin PBXFileReference section */
		58F67B9F1CD9863400D55BE0 /* xueyuanpai.app */ = {isa = PBXFileReference; explicitFileType = wrapper.application; includeInIndex = 0; path = xueyuanpai.app; sourceTree = BUILT_PRODUCTS_DIR; };
		58F67BA31CD9863400D55BE0 /* main.m */ = {isa = PBXFileReference; lastKnownFileType = sourcecode.c.objc; path = main.m; sourceTree = "<group>"; };
		58F67BA51CD9863400D55BE0 /* AppDelegate.h */ = {isa = PBXFileReference; lastKnownFileType = sourcecode.c.h; path = AppDelegate.h; sourceTree = "<group>"; };
		58F67BA61CD9863400D55BE0 /* AppDelegate.m */ = {isa = PBXFileReference; lastKnownFileType = sourcecode.c.objc; path = AppDelegate.m; sourceTree = "<group>"; };
		58F67BAE1CD9863400D55BE0 /* Assets.xcassets */ = {isa = PBXFileReference; lastKnownFileType = folder.assetcatalog; path = Assets.xcassets; sourceTree = "<group>"; };
		58F67BB31CD9863400D55BE0 /* Info.plist */ = {isa = PBXFileReference; lastKnownFileType = text.plist.xml; path = Info.plist; sourceTree = "<group>"; };
		58F67BB81CD9863400D55BE0 /* xueyuanpaiTests.xctest */ = {isa = PBXFileReference; explicitFileType = wrapper.cfbundle; includeInIndex = 0; path = xueyuanpaiTests.xctest; sourceTree = BUILT_PRODUCTS_DIR; };
		58F67BBC1CD9863400D55BE0 /* xueyuanpaiTests.m */ = {isa = PBXFileReference; lastKnownFileType = sourcecode.c.objc; path = xueyuanpaiTests.m; sourceTree = "<group>"; };
		58F67BBE1CD9863400D55BE0 /* Info.plist */ = {isa = PBXFileReference; lastKnownFileType = text.plist.xml; path = Info.plist; sourceTree = "<group>"; };
		58F67BC31CD9863400D55BE0 /* xueyuanpaiUITests.xctest */ = {isa = PBXFileReference; explicitFileType = wrapper.cfbundle; includeInIndex = 0; path = xueyuanpaiUITests.xctest; sourceTree = BUILT_PRODUCTS_DIR; };
		58F67BC71CD9863400D55BE0 /* xueyuanpaiUITests.m */ = {isa = PBXFileReference; lastKnownFileType = sourcecode.c.objc; path = xueyuanpaiUITests.m; sourceTree = "<group>"; };
		58F67BC91CD9863400D55BE0 /* Info.plist */ = {isa = PBXFileReference; lastKnownFileType = text.plist.xml; path = Info.plist; sourceTree = "<group>"; };
		58F67BD51CD990A200D55BE0 /* BaseTabBarViewController.h */ = {isa = PBXFileReference; fileEncoding = 4; lastKnownFileType = sourcecode.c.h; path = BaseTabBarViewController.h; sourceTree = "<group>"; };
		58F67BD61CD990A200D55BE0 /* BaseTabBarViewController.m */ = {isa = PBXFileReference; fileEncoding = 4; lastKnownFileType = sourcecode.c.objc; path = BaseTabBarViewController.m; sourceTree = "<group>"; };
		58F67BD71CD990A200D55BE0 /* BaseViewController.h */ = {isa = PBXFileReference; fileEncoding = 4; lastKnownFileType = sourcecode.c.h; path = BaseViewController.h; sourceTree = "<group>"; };
		58F67BD81CD990A200D55BE0 /* BaseViewController.m */ = {isa = PBXFileReference; fileEncoding = 4; lastKnownFileType = sourcecode.c.objc; path = BaseViewController.m; sourceTree = "<group>"; };
		58F67BDB1CD990A200D55BE0 /* BusinessCenterViewController.h */ = {isa = PBXFileReference; fileEncoding = 4; lastKnownFileType = sourcecode.c.h; path = BusinessCenterViewController.h; sourceTree = "<group>"; };
		58F67BDC1CD990A200D55BE0 /* BusinessCenterViewController.m */ = {isa = PBXFileReference; fileEncoding = 4; lastKnownFileType = sourcecode.c.objc; path = BusinessCenterViewController.m; sourceTree = "<group>"; };
		58F67BE01CD990A200D55BE0 /* BlockDefine.h */ = {isa = PBXFileReference; fileEncoding = 4; lastKnownFileType = sourcecode.c.h; path = BlockDefine.h; sourceTree = "<group>"; };
		58F67BE11CD990A200D55BE0 /* ConfigDefine.h */ = {isa = PBXFileReference; fileEncoding = 4; lastKnownFileType = sourcecode.c.h; path = ConfigDefine.h; sourceTree = "<group>"; };
		58F67BE21CD990A200D55BE0 /* EnumDefine.h */ = {isa = PBXFileReference; fileEncoding = 4; lastKnownFileType = sourcecode.c.h; path = EnumDefine.h; sourceTree = "<group>"; };
		58F67BE31CD990A200D55BE0 /* NotificationDefine.h */ = {isa = PBXFileReference; fileEncoding = 4; lastKnownFileType = sourcecode.c.h; path = NotificationDefine.h; sourceTree = "<group>"; };
		58F67BE41CD990A200D55BE0 /* StatisticsDefine.h */ = {isa = PBXFileReference; fileEncoding = 4; lastKnownFileType = sourcecode.c.h; path = StatisticsDefine.h; sourceTree = "<group>"; };
		58F67BE71CD990A200D55BE0 /* ExpressCenterViewController.h */ = {isa = PBXFileReference; fileEncoding = 4; lastKnownFileType = sourcecode.c.h; path = ExpressCenterViewController.h; sourceTree = "<group>"; };
		58F67BE81CD990A200D55BE0 /* ExpressCenterViewController.m */ = {isa = PBXFileReference; fileEncoding = 4; lastKnownFileType = sourcecode.c.objc; path = ExpressCenterViewController.m; sourceTree = "<group>"; };
		58F67BED1CD990A200D55BE0 /* IndexViewController.h */ = {isa = PBXFileReference; fileEncoding = 4; lastKnownFileType = sourcecode.c.h; path = IndexViewController.h; sourceTree = "<group>"; };
		58F67BEE1CD990A200D55BE0 /* IndexViewController.m */ = {isa = PBXFileReference; fileEncoding = 4; lastKnownFileType = sourcecode.c.objc; path = IndexViewController.m; sourceTree = "<group>"; };
		58F67BF21CD990A200D55BE0 /* HttpClient.h */ = {isa = PBXFileReference; fileEncoding = 4; lastKnownFileType = sourcecode.c.h; path = HttpClient.h; sourceTree = "<group>"; };
		58F67BF31CD990A200D55BE0 /* HttpClient.m */ = {isa = PBXFileReference; fileEncoding = 4; lastKnownFileType = sourcecode.c.objc; path = HttpClient.m; sourceTree = "<group>"; };
		58F67BF41CD990A200D55BE0 /* HttpModel.h */ = {isa = PBXFileReference; fileEncoding = 4; lastKnownFileType = sourcecode.c.h; path = HttpModel.h; sourceTree = "<group>"; };
		58F67BF51CD990A200D55BE0 /* HttpModel.m */ = {isa = PBXFileReference; fileEncoding = 4; lastKnownFileType = sourcecode.c.objc; path = HttpModel.m; sourceTree = "<group>"; };
		58F67BF61CD990A200D55BE0 /* HttpServer.h */ = {isa = PBXFileReference; fileEncoding = 4; lastKnownFileType = sourcecode.c.h; path = HttpServer.h; sourceTree = "<group>"; };
		58F67BF71CD990A200D55BE0 /* HttpServer.m */ = {isa = PBXFileReference; fileEncoding = 4; lastKnownFileType = sourcecode.c.objc; path = HttpServer.m; sourceTree = "<group>"; };
		58F67BF81CD990A200D55BE0 /* NetworkConfigue.h */ = {isa = PBXFileReference; fileEncoding = 4; lastKnownFileType = sourcecode.c.h; path = NetworkConfigue.h; sourceTree = "<group>"; };
/* End PBXFileReference section */

/* Begin PBXFrameworksBuildPhase section */
		58F67B9C1CD9863400D55BE0 /* Frameworks */ = {
			isa = PBXFrameworksBuildPhase;
			buildActionMask = 2147483647;
			files = (
			);
			runOnlyForDeploymentPostprocessing = 0;
		};
		58F67BB51CD9863400D55BE0 /* Frameworks */ = {
			isa = PBXFrameworksBuildPhase;
			buildActionMask = 2147483647;
			files = (
			);
			runOnlyForDeploymentPostprocessing = 0;
		};
		58F67BC01CD9863400D55BE0 /* Frameworks */ = {
			isa = PBXFrameworksBuildPhase;
			buildActionMask = 2147483647;
			files = (
			);
			runOnlyForDeploymentPostprocessing = 0;
		};
/* End PBXFrameworksBuildPhase section */

/* Begin PBXGroup section */
		58F67B961CD9863400D55BE0 = {
			isa = PBXGroup;
			children = (
				58F67BA11CD9863400D55BE0 /* xueyuanpai */,
				58F67BBB1CD9863400D55BE0 /* xueyuanpaiTests */,
				58F67BC61CD9863400D55BE0 /* xueyuanpaiUITests */,
				58F67BA01CD9863400D55BE0 /* Products */,
			);
			sourceTree = "<group>";
		};
		58F67BA01CD9863400D55BE0 /* Products */ = {
			isa = PBXGroup;
			children = (
				58F67B9F1CD9863400D55BE0 /* xueyuanpai.app */,
				58F67BB81CD9863400D55BE0 /* xueyuanpaiTests.xctest */,
				58F67BC31CD9863400D55BE0 /* xueyuanpaiUITests.xctest */,
			);
			name = Products;
			sourceTree = "<group>";
		};
		58F67BA11CD9863400D55BE0 /* xueyuanpai */ = {
			isa = PBXGroup;
			children = (
				58F67BA51CD9863400D55BE0 /* AppDelegate.h */,
				58F67BA61CD9863400D55BE0 /* AppDelegate.m */,
				58F67BD51CD990A200D55BE0 /* BaseTabBarViewController.h */,
				58F67BD61CD990A200D55BE0 /* BaseTabBarViewController.m */,
				58F67BD71CD990A200D55BE0 /* BaseViewController.h */,
				58F67BD81CD990A200D55BE0 /* BaseViewController.m */,
				58F67BD91CD990A200D55BE0 /* BusinessCenter */,
				58F67BDF1CD990A200D55BE0 /* Config */,
				58F67BE51CD990A200D55BE0 /* ExpressCenter */,
				58F67BEB1CD990A200D55BE0 /* Index */,
				58F67BF11CD990A200D55BE0 /* NetWorkManager */,
				58F67BAE1CD9863400D55BE0 /* Assets.xcassets */,
				58F67BB31CD9863400D55BE0 /* Info.plist */,
				58F67BA21CD9863400D55BE0 /* Supporting Files */,
			);
			path = xueyuanpai;
			sourceTree = "<group>";
		};
		58F67BA21CD9863400D55BE0 /* Supporting Files */ = {
			isa = PBXGroup;
			children = (
				58F67BA31CD9863400D55BE0 /* main.m */,
			);
			name = "Supporting Files";
			sourceTree = "<group>";
		};
		58F67BBB1CD9863400D55BE0 /* xueyuanpaiTests */ = {
			isa = PBXGroup;
			children = (
				58F67BBC1CD9863400D55BE0 /* xueyuanpaiTests.m */,
				58F67BBE1CD9863400D55BE0 /* Info.plist */,
			);
			path = xueyuanpaiTests;
			sourceTree = "<group>";
		};
		58F67BC61CD9863400D55BE0 /* xueyuanpaiUITests */ = {
			isa = PBXGroup;
			children = (
				58F67BC71CD9863400D55BE0 /* xueyuanpaiUITests.m */,
				58F67BC91CD9863400D55BE0 /* Info.plist */,
			);
			path = xueyuanpaiUITests;
			sourceTree = "<group>";
		};
		58F67BD91CD990A200D55BE0 /* BusinessCenter */ = {
			isa = PBXGroup;
			children = (
				58F67BDA1CD990A200D55BE0 /* Controller */,
				58F67BDD1CD990A200D55BE0 /* Model */,
				58F67BDE1CD990A200D55BE0 /* View */,
			);
			path = BusinessCenter;
			sourceTree = "<group>";
		};
		58F67BDA1CD990A200D55BE0 /* Controller */ = {
			isa = PBXGroup;
			children = (
				58F67BDB1CD990A200D55BE0 /* BusinessCenterViewController.h */,
				58F67BDC1CD990A200D55BE0 /* BusinessCenterViewController.m */,
			);
			path = Controller;
			sourceTree = "<group>";
		};
		58F67BDD1CD990A200D55BE0 /* Model */ = {
			isa = PBXGroup;
			children = (
			);
			path = Model;
			sourceTree = "<group>";
		};
		58F67BDE1CD990A200D55BE0 /* View */ = {
			isa = PBXGroup;
			children = (
			);
			path = View;
			sourceTree = "<group>";
		};
		58F67BDF1CD990A200D55BE0 /* Config */ = {
			isa = PBXGroup;
			children = (
				58F67BE01CD990A200D55BE0 /* BlockDefine.h */,
				58F67BE11CD990A200D55BE0 /* ConfigDefine.h */,
				58F67BE21CD990A200D55BE0 /* EnumDefine.h */,
				58F67BE31CD990A200D55BE0 /* NotificationDefine.h */,
				58F67BE41CD990A200D55BE0 /* StatisticsDefine.h */,
			);
			path = Config;
			sourceTree = "<group>";
		};
		58F67BE51CD990A200D55BE0 /* ExpressCenter */ = {
			isa = PBXGroup;
			children = (
				58F67BE61CD990A200D55BE0 /* Controller */,
				58F67BE91CD990A200D55BE0 /* Model */,
				58F67BEA1CD990A200D55BE0 /* View */,
			);
			path = ExpressCenter;
			sourceTree = "<group>";
		};
		58F67BE61CD990A200D55BE0 /* Controller */ = {
			isa = PBXGroup;
			children = (
				58F67BE71CD990A200D55BE0 /* ExpressCenterViewController.h */,
				58F67BE81CD990A200D55BE0 /* ExpressCenterViewController.m */,
			);
			path = Controller;
			sourceTree = "<group>";
		};
		58F67BE91CD990A200D55BE0 /* Model */ = {
			isa = PBXGroup;
			children = (
			);
			path = Model;
			sourceTree = "<group>";
		};
		58F67BEA1CD990A200D55BE0 /* View */ = {
			isa = PBXGroup;
			children = (
			);
			path = View;
			sourceTree = "<group>";
		};
		58F67BEB1CD990A200D55BE0 /* Index */ = {
			isa = PBXGroup;
			children = (
				58F67BEC1CD990A200D55BE0 /* Controller */,
				58F67BEF1CD990A200D55BE0 /* Model */,
				58F67BF01CD990A200D55BE0 /* View */,
			);
			path = Index;
			sourceTree = "<group>";
		};
		58F67BEC1CD990A200D55BE0 /* Controller */ = {
			isa = PBXGroup;
			children = (
				58F67BED1CD990A200D55BE0 /* IndexViewController.h */,
				58F67BEE1CD990A200D55BE0 /* IndexViewController.m */,
			);
			path = Controller;
			sourceTree = "<group>";
		};
		58F67BEF1CD990A200D55BE0 /* Model */ = {
			isa = PBXGroup;
			children = (
			);
			path = Model;
			sourceTree = "<group>";
		};
		58F67BF01CD990A200D55BE0 /* View */ = {
			isa = PBXGroup;
			children = (
			);
			path = View;
			sourceTree = "<group>";
		};
		58F67BF11CD990A200D55BE0 /* NetWorkManager */ = {
			isa = PBXGroup;
			children = (
				58F67BF21CD990A200D55BE0 /* HttpClient.h */,
				58F67BF31CD990A200D55BE0 /* HttpClient.m */,
				58F67BF41CD990A200D55BE0 /* HttpModel.h */,
				58F67BF51CD990A200D55BE0 /* HttpModel.m */,
				58F67BF61CD990A200D55BE0 /* HttpServer.h */,
				58F67BF71CD990A200D55BE0 /* HttpServer.m */,
				58F67BF81CD990A200D55BE0 /* NetworkConfigue.h */,
			);
			path = NetWorkManager;
			sourceTree = "<group>";
		};
/* End PBXGroup section */

/* Begin PBXNativeTarget section */
		58F67B9E1CD9863400D55BE0 /* xueyuanpai */ = {
			isa = PBXNativeTarget;
			buildConfigurationList = 58F67BCC1CD9863400D55BE0 /* Build configuration list for PBXNativeTarget "xueyuanpai" */;
			buildPhases = (
				58F67B9B1CD9863400D55BE0 /* Sources */,
				58F67B9C1CD9863400D55BE0 /* Frameworks */,
				58F67B9D1CD9863400D55BE0 /* Resources */,
			);
			buildRules = (
			);
			dependencies = (
			);
			name = xueyuanpai;
			productName = xueyuanpai;
			productReference = 58F67B9F1CD9863400D55BE0 /* xueyuanpai.app */;
			productType = "com.apple.product-type.application";
		};
		58F67BB71CD9863400D55BE0 /* xueyuanpaiTests */ = {
			isa = PBXNativeTarget;
			buildConfigurationList = 58F67BCF1CD9863400D55BE0 /* Build configuration list for PBXNativeTarget "xueyuanpaiTests" */;
			buildPhases = (
				58F67BB41CD9863400D55BE0 /* Sources */,
				58F67BB51CD9863400D55BE0 /* Frameworks */,
				58F67BB61CD9863400D55BE0 /* Resources */,
			);
			buildRules = (
			);
			dependencies = (
				58F67BBA1CD9863400D55BE0 /* PBXTargetDependency */,
			);
			name = xueyuanpaiTests;
			productName = xueyuanpaiTests;
			productReference = 58F67BB81CD9863400D55BE0 /* xueyuanpaiTests.xctest */;
			productType = "com.apple.product-type.bundle.unit-test";
		};
		58F67BC21CD9863400D55BE0 /* xueyuanpaiUITests */ = {
			isa = PBXNativeTarget;
			buildConfigurationList = 58F67BD21CD9863400D55BE0 /* Build configuration list for PBXNativeTarget "xueyuanpaiUITests" */;
			buildPhases = (
				58F67BBF1CD9863400D55BE0 /* Sources */,
				58F67BC01CD9863400D55BE0 /* Frameworks */,
				58F67BC11CD9863400D55BE0 /* Resources */,
			);
			buildRules = (
			);
			dependencies = (
				58F67BC51CD9863400D55BE0 /* PBXTargetDependency */,
			);
			name = xueyuanpaiUITests;
			productName = xueyuanpaiUITests;
			productReference = 58F67BC31CD9863400D55BE0 /* xueyuanpaiUITests.xctest */;
			productType = "com.apple.product-type.bundle.ui-testing";
		};
/* End PBXNativeTarget section */

/* Begin PBXProject section */
		58F67B971CD9863400D55BE0 /* Project object */ = {
			isa = PBXProject;
			attributes = {
				LastUpgradeCheck = 0730;
				ORGANIZATIONNAME = lidachao;
				TargetAttributes = {
					58F67B9E1CD9863400D55BE0 = {
						CreatedOnToolsVersion = 7.3;
						DevelopmentTeam = SBXP28TEHB;
					};
					58F67BB71CD9863400D55BE0 = {
						CreatedOnToolsVersion = 7.3;
						DevelopmentTeam = SBXP28TEHB;
						TestTargetID = 58F67B9E1CD9863400D55BE0;
					};
					58F67BC21CD9863400D55BE0 = {
						CreatedOnToolsVersion = 7.3;
						DevelopmentTeam = SBXP28TEHB;
						TestTargetID = 58F67B9E1CD9863400D55BE0;
					};
				};
			};
			buildConfigurationList = 58F67B9A1CD9863400D55BE0 /* Build configuration list for PBXProject "xueyuanpai" */;
			compatibilityVersion = "Xcode 3.2";
			developmentRegion = English;
			hasScannedForEncodings = 0;
			knownRegions = (
				en,
				Base,
			);
			mainGroup = 58F67B961CD9863400D55BE0;
			productRefGroup = 58F67BA01CD9863400D55BE0 /* Products */;
			projectDirPath = "";
			projectRoot = "";
			targets = (
				58F67B9E1CD9863400D55BE0 /* xueyuanpai */,
				58F67BB71CD9863400D55BE0 /* xueyuanpaiTests */,
				58F67BC21CD9863400D55BE0 /* xueyuanpaiUITests */,
			);
		};
/* End PBXProject section */

/* Begin PBXResourcesBuildPhase section */
		58F67B9D1CD9863400D55BE0 /* Resources */ = {
			isa = PBXResourcesBuildPhase;
			buildActionMask = 2147483647;
			files = (
				58F67BAF1CD9863400D55BE0 /* Assets.xcassets in Resources */,
			);
			runOnlyForDeploymentPostprocessing = 0;
		};
		58F67BB61CD9863400D55BE0 /* Resources */ = {
			isa = PBXResourcesBuildPhase;
			buildActionMask = 2147483647;
			files = (
			);
			runOnlyForDeploymentPostprocessing = 0;
		};
		58F67BC11CD9863400D55BE0 /* Resources */ = {
			isa = PBXResourcesBuildPhase;
			buildActionMask = 2147483647;
			files = (
			);
			runOnlyForDeploymentPostprocessing = 0;
		};
/* End PBXResourcesBuildPhase section */

/* Begin PBXSourcesBuildPhase section */
		58F67B9B1CD9863400D55BE0 /* Sources */ = {
			isa = PBXSourcesBuildPhase;
			buildActionMask = 2147483647;
			files = (
				58F67BFB1CD990A200D55BE0 /* BusinessCenterViewController.m in Sources */,
				58F67C001CD990A200D55BE0 /* HttpServer.m in Sources */,
				58F67BFC1CD990A200D55BE0 /* ExpressCenterViewController.m in Sources */,
				58F67BFE1CD990A200D55BE0 /* HttpClient.m in Sources */,
				58F67BFA1CD990A200D55BE0 /* BaseViewController.m in Sources */,
				58F67BA71CD9863400D55BE0 /* AppDelegate.m in Sources */,
				58F67BA41CD9863400D55BE0 /* main.m in Sources */,
				58F67BFF1CD990A200D55BE0 /* HttpModel.m in Sources */,
				58F67BF91CD990A200D55BE0 /* BaseTabBarViewController.m in Sources */,
				58F67BFD1CD990A200D55BE0 /* IndexViewController.m in Sources */,
			);
			runOnlyForDeploymentPostprocessing = 0;
		};
		58F67BB41CD9863400D55BE0 /* Sources */ = {
			isa = PBXSourcesBuildPhase;
			buildActionMask = 2147483647;
			files = (
				58F67BBD1CD9863400D55BE0 /* xueyuanpaiTests.m in Sources */,
			);
			runOnlyForDeploymentPostprocessing = 0;
		};
		58F67BBF1CD9863400D55BE0 /* Sources */ = {
			isa = PBXSourcesBuildPhase;
			buildActionMask = 2147483647;
			files = (
				58F67BC81CD9863400D55BE0 /* xueyuanpaiUITests.m in Sources */,
			);
			runOnlyForDeploymentPostprocessing = 0;
		};
/* End PBXSourcesBuildPhase section */

/* Begin PBXTargetDependency section */
		58F67BBA1CD9863400D55BE0 /* PBXTargetDependency */ = {
			isa = PBXTargetDependency;
			target = 58F67B9E1CD9863400D55BE0 /* xueyuanpai */;
			targetProxy = 58F67BB91CD9863400D55BE0 /* PBXContainerItemProxy */;
		};
		58F67BC51CD9863400D55BE0 /* PBXTargetDependency */ = {
			isa = PBXTargetDependency;
			target = 58F67B9E1CD9863400D55BE0 /* xueyuanpai */;
			targetProxy = 58F67BC41CD9863400D55BE0 /* PBXContainerItemProxy */;
		};
/* End PBXTargetDependency section */

/* Begin XCBuildConfiguration section */
		58F67BCA1CD9863400D55BE0 /* Debug */ = {
			isa = XCBuildConfiguration;
			buildSettings = {
				ALWAYS_SEARCH_USER_PATHS = NO;
				CLANG_ANALYZER_NONNULL = YES;
				CLANG_CXX_LANGUAGE_STANDARD = "gnu++0x";
				CLANG_CXX_LIBRARY = "libc++";
				CLANG_ENABLE_MODULES = YES;
				CLANG_ENABLE_OBJC_ARC = YES;
				CLANG_WARN_BOOL_CONVERSION = YES;
				CLANG_WARN_CONSTANT_CONVERSION = YES;
				CLANG_WARN_DIRECT_OBJC_ISA_USAGE = YES_ERROR;
				CLANG_WARN_EMPTY_BODY = YES;
				CLANG_WARN_ENUM_CONVERSION = YES;
				CLANG_WARN_INT_CONVERSION = YES;
				CLANG_WARN_OBJC_ROOT_CLASS = YES_ERROR;
				CLANG_WARN_UNREACHABLE_CODE = YES;
				CLANG_WARN__DUPLICATE_METHOD_MATCH = YES;
				"CODE_SIGN_IDENTITY[sdk=iphoneos*]" = "iPhone Developer";
				COPY_PHASE_STRIP = NO;
				DEBUG_INFORMATION_FORMAT = dwarf;
				ENABLE_STRICT_OBJC_MSGSEND = YES;
				ENABLE_TESTABILITY = YES;
				GCC_C_LANGUAGE_STANDARD = gnu99;
				GCC_DYNAMIC_NO_PIC = NO;
				GCC_NO_COMMON_BLOCKS = YES;
				GCC_OPTIMIZATION_LEVEL = 0;
				GCC_PREPROCESSOR_DEFINITIONS = (
					"DEBUG=1",
					"$(inherited)",
				);
				GCC_WARN_64_TO_32_BIT_CONVERSION = YES;
				GCC_WARN_ABOUT_RETURN_TYPE = YES_ERROR;
				GCC_WARN_UNDECLARED_SELECTOR = YES;
				GCC_WARN_UNINITIALIZED_AUTOS = YES_AGGRESSIVE;
				GCC_WARN_UNUSED_FUNCTION = YES;
				GCC_WARN_UNUSED_VARIABLE = YES;
				IPHONEOS_DEPLOYMENT_TARGET = 9.3;
				MTL_ENABLE_DEBUG_INFO = YES;
				ONLY_ACTIVE_ARCH = YES;
				SDKROOT = iphoneos;
			};
			name = Debug;
		};
		58F67BCB1CD9863400D55BE0 /* Release */ = {
			isa = XCBuildConfiguration;
			buildSettings = {
				ALWAYS_SEARCH_USER_PATHS = NO;
				CLANG_ANALYZER_NONNULL = YES;
				CLANG_CXX_LANGUAGE_STANDARD = "gnu++0x";
				CLANG_CXX_LIBRARY = "libc++";
				CLANG_ENABLE_MODULES = YES;
				CLANG_ENABLE_OBJC_ARC = YES;
				CLANG_WARN_BOOL_CONVERSION = YES;
				CLANG_WARN_CONSTANT_CONVERSION = YES;
				CLANG_WARN_DIRECT_OBJC_ISA_USAGE = YES_ERROR;
				CLANG_WARN_EMPTY_BODY = YES;
				CLANG_WARN_ENUM_CONVERSION = YES;
				CLANG_WARN_INT_CONVERSION = YES;
				CLANG_WARN_OBJC_ROOT_CLASS = YES_ERROR;
				CLANG_WARN_UNREACHABLE_CODE = YES;
				CLANG_WARN__DUPLICATE_METHOD_MATCH = YES;
				"CODE_SIGN_IDENTITY[sdk=iphoneos*]" = "iPhone Developer";
				COPY_PHASE_STRIP = NO;
				DEBUG_INFORMATION_FORMAT = "dwarf-with-dsym";
				ENABLE_NS_ASSERTIONS = NO;
				ENABLE_STRICT_OBJC_MSGSEND = YES;
				GCC_C_LANGUAGE_STANDARD = gnu99;
				GCC_NO_COMMON_BLOCKS = YES;
				GCC_WARN_64_TO_32_BIT_CONVERSION = YES;
				GCC_WARN_ABOUT_RETURN_TYPE = YES_ERROR;
				GCC_WARN_UNDECLARED_SELECTOR = YES;
				GCC_WARN_UNINITIALIZED_AUTOS = YES_AGGRESSIVE;
				GCC_WARN_UNUSED_FUNCTION = YES;
				GCC_WARN_UNUSED_VARIABLE = YES;
				IPHONEOS_DEPLOYMENT_TARGET = 9.3;
				MTL_ENABLE_DEBUG_INFO = NO;
				SDKROOT = iphoneos;
				VALIDATE_PRODUCT = YES;
			};
			name = Release;
		};
		58F67BCD1CD9863400D55BE0 /* Debug */ = {
			isa = XCBuildConfiguration;
			buildSettings = {
				ASSETCATALOG_COMPILER_APPICON_NAME = AppIcon;
				ASSETCATALOG_COMPILER_LAUNCHIMAGE_NAME = "Brand Assets";
				INFOPLIST_FILE = xueyuanpai/Info.plist;
				IPHONEOS_DEPLOYMENT_TARGET = 8.2;
				LD_RUNPATH_SEARCH_PATHS = "$(inherited) @executable_path/Frameworks";
				PRODUCT_BUNDLE_IDENTIFIER = xueyuanpai.xueyuanpai;
				PRODUCT_NAME = "$(TARGET_NAME)";
			};
			name = Debug;
		};
		58F67BCE1CD9863400D55BE0 /* Release */ = {
			isa = XCBuildConfiguration;
			buildSettings = {
				ASSETCATALOG_COMPILER_APPICON_NAME = AppIcon;
				ASSETCATALOG_COMPILER_LAUNCHIMAGE_NAME = "Brand Assets";
				INFOPLIST_FILE = xueyuanpai/Info.plist;
				IPHONEOS_DEPLOYMENT_TARGET = 8.2;
				LD_RUNPATH_SEARCH_PATHS = "$(inherited) @executable_path/Frameworks";
				PRODUCT_BUNDLE_IDENTIFIER = xueyuanpai.xueyuanpai;
				PRODUCT_NAME = "$(TARGET_NAME)";
			};
			name = Release;
		};
		58F67BD01CD9863400D55BE0 /* Debug */ = {
			isa = XCBuildConfiguration;
			buildSettings = {
				BUNDLE_LOADER = "$(TEST_HOST)";
				INFOPLIST_FILE = xueyuanpaiTests/Info.plist;
				LD_RUNPATH_SEARCH_PATHS = "$(inherited) @executable_path/Frameworks @loader_path/Frameworks";
				PRODUCT_BUNDLE_IDENTIFIER = xueyuanpai.xueyuanpaiTests;
				PRODUCT_NAME = "$(TARGET_NAME)";
				TEST_HOST = "$(BUILT_PRODUCTS_DIR)/xueyuanpai.app/xueyuanpai";
			};
			name = Debug;
		};
		58F67BD11CD9863400D55BE0 /* Release */ = {
			isa = XCBuildConfiguration;
			buildSettings = {
				BUNDLE_LOADER = "$(TEST_HOST)";
				INFOPLIST_FILE = xueyuanpaiTests/Info.plist;
				LD_RUNPATH_SEARCH_PATHS = "$(inherited) @executable_path/Frameworks @loader_path/Frameworks";
				PRODUCT_BUNDLE_IDENTIFIER = xueyuanpai.xueyuanpaiTests;
				PRODUCT_NAME = "$(TARGET_NAME)";
				TEST_HOST = "$(BUILT_PRODUCTS_DIR)/xueyuanpai.app/xueyuanpai";
			};
			name = Release;
		};
		58F67BD31CD9863400D55BE0 /* Debug */ = {
			isa = XCBuildConfiguration;
			buildSettings = {
				INFOPLIST_FILE = xueyuanpaiUITests/Info.plist;
				LD_RUNPATH_SEARCH_PATHS = "$(inherited) @executable_path/Frameworks @loader_path/Frameworks";
				PRODUCT_BUNDLE_IDENTIFIER = xueyuanpai.xueyuanpaiUITests;
				PRODUCT_NAME = "$(TARGET_NAME)";
				TEST_TARGET_NAME = xueyuanpai;
			};
			name = Debug;
		};
		58F67BD41CD9863400D55BE0 /* Release */ = {
			isa = XCBuildConfiguration;
			buildSettings = {
				INFOPLIST_FILE = xueyuanpaiUITests/Info.plist;
				LD_RUNPATH_SEARCH_PATHS = "$(inherited) @executable_path/Frameworks @loader_path/Frameworks";
				PRODUCT_BUNDLE_IDENTIFIER = xueyuanpai.xueyuanpaiUITests;
				PRODUCT_NAME = "$(TARGET_NAME)";
				TEST_TARGET_NAME = xueyuanpai;
			};
			name = Release;
		};
/* End XCBuildConfiguration section */

/* Begin XCConfigurationList section */
		58F67B9A1CD9863400D55BE0 /* Build configuration list for PBXProject "xueyuanpai" */ = {
			isa = XCConfigurationList;
			buildConfigurations = (
				58F67BCA1CD9863400D55BE0 /* Debug */,
				58F67BCB1CD9863400D55BE0 /* Release */,
			);
			defaultConfigurationIsVisible = 0;
			defaultConfigurationName = Release;
		};
		58F67BCC1CD9863400D55BE0 /* Build configuration list for PBXNativeTarget "xueyuanpai" */ = {
			isa = XCConfigurationList;
			buildConfigurations = (
				58F67BCD1CD9863400D55BE0 /* Debug */,
				58F67BCE1CD9863400D55BE0 /* Release */,
			);
			defaultConfigurationIsVisible = 0;
			defaultConfigurationName = Release;
		};
		58F67BCF1CD9863400D55BE0 /* Build configuration list for PBXNativeTarget "xueyuanpaiTests" */ = {
			isa = XCConfigurationList;
			buildConfigurations = (
				58F67BD01CD9863400D55BE0 /* Debug */,
				58F67BD11CD9863400D55BE0 /* Release */,
			);
			defaultConfigurationIsVisible = 0;
			defaultConfigurationName = Release;
		};
		58F67BD21CD9863400D55BE0 /* Build configuration list for PBXNativeTarget "xueyuanpaiUITests" */ = {
			isa = XCConfigurationList;
			buildConfigurations = (
				58F67BD31CD9863400D55BE0 /* Debug */,
				58F67BD41CD9863400D55BE0 /* Release */,
			);
			defaultConfigurationIsVisible = 0;
			defaultConfigurationName = Release;
		};
/* End XCConfigurationList section */
	};
	rootObject = 58F67B971CD9863400D55BE0 /* Project object */;
}
